
Microsoft Visual Studio Solution File, Format Version 12.00
# Visual Studio 2012
Project("{FAE04EC0-301F-11D3-BF4B-00C04F79EFBC}") = "Tree implementation", "Tree implementation\Tree implementation.csproj", "{C04C367E-421E-419B-B748-5B3DD16A4432}"
EndProject
Global
	GlobalSection(SolutionConfigurationPlatforms) = preSolution
		Debug|Any CPU = Debug|Any CPU
		Release|Any CPU = Release|Any CPU
	EndGlobalSection
	GlobalSection(ProjectConfigurationPlatforms) = postSolution
		{C04C367E-421E-419B-B748-5B3DD16A4432}.Debug|Any CPU.ActiveCfg = Debug|Any CPU
		{C04C367E-421E-419B-B748-5B3DD16A4432}.Debug|Any CPU.Build.0 = Debug|Any CPU
		{C04C367E-421E-419B-B748-5B3DD16A4432}.Release|Any CPU.ActiveCfg = Release|Any CPU
		{C04C367E-421E-419B-B748-5B3DD16A4432}.Release|Any CPU.Build.0 = Release|Any CPU
	EndGlobalSection
	GlobalSection(SolutionProperties) = preSolution
		HideSolutionNode = FALSE
	EndGlobalSection
EndGlobal
